
Microsoft Visual Studio Solution File, Format Version 12.00
# Visual Studio Version 16
VisualStudioVersion = 16.0.31321.278
MinimumVisualStudioVersion = 10.0.40219.1
Project("{FAE04EC0-301F-11D3-BF4B-00C04F79EFBC}") = "MetricsManager", "MetricsManager\MetricsManager.csproj", "{C3DEA7A3-DB19-484A-824B-D88AE85B3DDF}"
EndProject
Project("{FAE04EC0-301F-11D3-BF4B-00C04F79EFBC}") = "MetricsManagerTests", "MetricsManagerTests\MetricsManagerTests.csproj", "{583219B7-05C1-44BD-A119-78746560BC4A}"
EndProject
Project("{FAE04EC0-301F-11D3-BF4B-00C04F79EFBC}") = "MetricsAgent", "MetricsAgent\MetricsAgent.csproj", "{9F72B185-BA5B-41C0-8D93-6E203D7D2E2B}"
EndProject
Project("{FAE04EC0-301F-11D3-BF4B-00C04F79EFBC}") = "MetricsAgentTests", "MetricsAgentTests\MetricsAgentTests.csproj", "{AF18F104-A727-404A-BBC4-2A5F6180F8AA}"
EndProject
Global
	GlobalSection(SolutionConfigurationPlatforms) = preSolution
		Debug|Any CPU = Debug|Any CPU
		Release|Any CPU = Release|Any CPU
	EndGlobalSection
	GlobalSection(ProjectConfigurationPlatforms) = postSolution
		{C3DEA7A3-DB19-484A-824B-D88AE85B3DDF}.Debug|Any CPU.ActiveCfg = Debug|Any CPU
		{C3DEA7A3-DB19-484A-824B-D88AE85B3DDF}.Debug|Any CPU.Build.0 = Debug|Any CPU
		{C3DEA7A3-DB19-484A-824B-D88AE85B3DDF}.Release|Any CPU.ActiveCfg = Release|Any CPU
		{C3DEA7A3-DB19-484A-824B-D88AE85B3DDF}.Release|Any CPU.Build.0 = Release|Any CPU
		{583219B7-05C1-44BD-A119-78746560BC4A}.Debug|Any CPU.ActiveCfg = Debug|Any CPU
		{583219B7-05C1-44BD-A119-78746560BC4A}.Debug|Any CPU.Build.0 = Debug|Any CPU
		{583219B7-05C1-44BD-A119-78746560BC4A}.Release|Any CPU.ActiveCfg = Release|Any CPU
		{583219B7-05C1-44BD-A119-78746560BC4A}.Release|Any CPU.Build.0 = Release|Any CPU
		{9F72B185-BA5B-41C0-8D93-6E203D7D2E2B}.Debug|Any CPU.ActiveCfg = Debug|Any CPU
		{9F72B185-BA5B-41C0-8D93-6E203D7D2E2B}.Debug|Any CPU.Build.0 = Debug|Any CPU
		{9F72B185-BA5B-41C0-8D93-6E203D7D2E2B}.Release|Any CPU.ActiveCfg = Release|Any CPU
		{9F72B185-BA5B-41C0-8D93-6E203D7D2E2B}.Release|Any CPU.Build.0 = Release|Any CPU
		{AF18F104-A727-404A-BBC4-2A5F6180F8AA}.Debug|Any CPU.ActiveCfg = Debug|Any CPU
		{AF18F104-A727-404A-BBC4-2A5F6180F8AA}.Debug|Any CPU.Build.0 = Debug|Any CPU
		{AF18F104-A727-404A-BBC4-2A5F6180F8AA}.Release|Any CPU.ActiveCfg = Release|Any CPU
		{AF18F104-A727-404A-BBC4-2A5F6180F8AA}.Release|Any CPU.Build.0 = Release|Any CPU
	EndGlobalSection
	GlobalSection(SolutionProperties) = preSolution
		HideSolutionNode = FALSE
	EndGlobalSection
	GlobalSection(ExtensibilityGlobals) = postSolution
		SolutionGuid = {EA2B0353-9C65-40D1-885C-DF7A56E26EE0}
	EndGlobalSection
EndGlobal
